// !$*UTF8*$!
{
	archiveVersion = 1;
	classes = {
	};
	objectVersion = 50;
	objects = {

/* Begin PBXBuildFile section */
		3F7036B520D2051000C2DA11 /* UIViewController+ScrollerView.m in Sources */ = {isa = PBXBuildFile; fileRef = 3F7036B420D2051000C2DA11 /* UIViewController+ScrollerView.m */; };
		3F7036B820D2072200C2DA11 /* UIScrollView+ScollerBlock.m in Sources */ = {isa = PBXBuildFile; fileRef = 3F7036B720D2072200C2DA11 /* UIScrollView+ScollerBlock.m */; };
		3FA8F76020D0CCB600DA1472 /* NESViewController.m in Sources */ = {isa = PBXBuildFile; fileRef = 3FA8F75F20D0CCB600DA1472 /* NESViewController.m */; };
		3FC4F94D20CF764100BCE023 /* AppDelegate.m in Sources */ = {isa = PBXBuildFile; fileRef = 3FC4F94C20CF764100BCE023 /* AppDelegate.m */; };
		3FC4F95020CF764100BCE023 /* ViewController.m in Sources */ = {isa = PBXBuildFile; fileRef = 3FC4F94F20CF764100BCE023 /* ViewController.m */; };
		3FC4F95320CF764100BCE023 /* Main.storyboard in Resources */ = {isa = PBXBuildFile; fileRef = 3FC4F95120CF764100BCE023 /* Main.storyboard */; };
		3FC4F95520CF764400BCE023 /* Assets.xcassets in Resources */ = {isa = PBXBuildFile; fileRef = 3FC4F95420CF764400BCE023 /* Assets.xcassets */; };
		3FC4F95820CF764400BCE023 /* LaunchScreen.storyboard in Resources */ = {isa = PBXBuildFile; fileRef = 3FC4F95620CF764400BCE023 /* LaunchScreen.storyboard */; };
		3FC4F95B20CF764400BCE023 /* main.m in Sources */ = {isa = PBXBuildFile; fileRef = 3FC4F95A20CF764400BCE023 /* main.m */; };
		3FC4F96420CF777C00BCE023 /* ManegerView.m in Sources */ = {isa = PBXBuildFile; fileRef = 3FC4F96320CF777C00BCE023 /* ManegerView.m */; };
		3FC4F96720CF7CB800BCE023 /* ManagerConfig.m in Sources */ = {isa = PBXBuildFile; fileRef = 3FC4F96620CF7CB800BCE023 /* ManagerConfig.m */; };
		3FC4F96A20CFB39F00BCE023 /* TabView.m in Sources */ = {isa = PBXBuildFile; fileRef = 3FC4F96920CFB39F00BCE023 /* TabView.m */; };
		3FC4F96D20CFB80C00BCE023 /* TabScrollView.m in Sources */ = {isa = PBXBuildFile; fileRef = 3FC4F96C20CFB80C00BCE023 /* TabScrollView.m */; };
		3FC4F97020CFBDB700BCE023 /* TabManger.m in Sources */ = {isa = PBXBuildFile; fileRef = 3FC4F96F20CFBDB700BCE023 /* TabManger.m */; };
/* End PBXBuildFile section */

/* Begin PBXFileReference section */
		3F7036B320D2051000C2DA11 /* UIViewController+ScrollerView.h */ = {isa = PBXFileReference; lastKnownFileType = sourcecode.c.h; path = "UIViewController+ScrollerView.h"; sourceTree = "<group>"; };
		3F7036B420D2051000C2DA11 /* UIViewController+ScrollerView.m */ = {isa = PBXFileReference; lastKnownFileType = sourcecode.c.objc; path = "UIViewController+ScrollerView.m"; sourceTree = "<group>"; };
		3F7036B620D2072200C2DA11 /* UIScrollView+ScollerBlock.h */ = {isa = PBXFileReference; lastKnownFileType = sourcecode.c.h; path = "UIScrollView+ScollerBlock.h"; sourceTree = "<group>"; };
		3F7036B720D2072200C2DA11 /* UIScrollView+ScollerBlock.m */ = {isa = PBXFileReference; lastKnownFileType = sourcecode.c.objc; path = "UIScrollView+ScollerBlock.m"; sourceTree = "<group>"; };
		3F7036B920D2604900C2DA11 /* Appconfig.h */ = {isa = PBXFileReference; lastKnownFileType = sourcecode.c.h; path = Appconfig.h; sourceTree = "<group>"; };
		3FA8F75E20D0CCB600DA1472 /* NESViewController.h */ = {isa = PBXFileReference; lastKnownFileType = sourcecode.c.h; path = NESViewController.h; sourceTree = "<group>"; };
		3FA8F75F20D0CCB600DA1472 /* NESViewController.m */ = {isa = PBXFileReference; lastKnownFileType = sourcecode.c.objc; path = NESViewController.m; sourceTree = "<group>"; };
		3FC4F94820CF764100BCE023 /* NewsApp.app */ = {isa = PBXFileReference; explicitFileType = wrapper.application; includeInIndex = 0; path = NewsApp.app; sourceTree = BUILT_PRODUCTS_DIR; };
		3FC4F94B20CF764100BCE023 /* AppDelegate.h */ = {isa = PBXFileReference; lastKnownFileType = sourcecode.c.h; path = AppDelegate.h; sourceTree = "<group>"; };
		3FC4F94C20CF764100BCE023 /* AppDelegate.m */ = {isa = PBXFileReference; lastKnownFileType = sourcecode.c.objc; path = AppDelegate.m; sourceTree = "<group>"; };
		3FC4F94E20CF764100BCE023 /* ViewController.h */ = {isa = PBXFileReference; lastKnownFileType = sourcecode.c.h; path = ViewController.h; sourceTree = "<group>"; };
		3FC4F94F20CF764100BCE023 /* ViewController.m */ = {isa = PBXFileReference; lastKnownFileType = sourcecode.c.objc; path = ViewController.m; sourceTree = "<group>"; };
		3FC4F95220CF764100BCE023 /* Base */ = {isa = PBXFileReference; lastKnownFileType = file.storyboard; name = Base; path = Base.lproj/Main.storyboard; sourceTree = "<group>"; };
		3FC4F95420CF764400BCE023 /* Assets.xcassets */ = {isa = PBXFileReference; lastKnownFileType = folder.assetcatalog; path = Assets.xcassets; sourceTree = "<group>"; };
		3FC4F95720CF764400BCE023 /* Base */ = {isa = PBXFileReference; lastKnownFileType = file.storyboard; name = Base; path = Base.lproj/LaunchScreen.storyboard; sourceTree = "<group>"; };
		3FC4F95920CF764400BCE023 /* Info.plist */ = {isa = PBXFileReference; lastKnownFileType = text.plist.xml; path = Info.plist; sourceTree = "<group>"; };
		3FC4F95A20CF764400BCE023 /* main.m */ = {isa = PBXFileReference; lastKnownFileType = sourcecode.c.objc; path = main.m; sourceTree = "<group>"; };
		3FC4F96220CF777C00BCE023 /* ManegerView.h */ = {isa = PBXFileReference; lastKnownFileType = sourcecode.c.h; path = ManegerView.h; sourceTree = "<group>"; };
		3FC4F96320CF777C00BCE023 /* ManegerView.m */ = {isa = PBXFileReference; lastKnownFileType = sourcecode.c.objc; path = ManegerView.m; sourceTree = "<group>"; };
		3FC4F96520CF7CB800BCE023 /* ManagerConfig.h */ = {isa = PBXFileReference; lastKnownFileType = sourcecode.c.h; path = ManagerConfig.h; sourceTree = "<group>"; };
		3FC4F96620CF7CB800BCE023 /* ManagerConfig.m */ = {isa = PBXFileReference; lastKnownFileType = sourcecode.c.objc; path = ManagerConfig.m; sourceTree = "<group>"; };
		3FC4F96820CFB39F00BCE023 /* TabView.h */ = {isa = PBXFileReference; lastKnownFileType = sourcecode.c.h; path = TabView.h; sourceTree = "<group>"; };
		3FC4F96920CFB39F00BCE023 /* TabView.m */ = {isa = PBXFileReference; lastKnownFileType = sourcecode.c.objc; path = TabView.m; sourceTree = "<group>"; };
		3FC4F96B20CFB80C00BCE023 /* TabScrollView.h */ = {isa = PBXFileReference; lastKnownFileType = sourcecode.c.h; path = TabScrollView.h; sourceTree = "<group>"; };
		3FC4F96C20CFB80C00BCE023 /* TabScrollView.m */ = {isa = PBXFileReference; lastKnownFileType = sourcecode.c.objc; path = TabScrollView.m; sourceTree = "<group>"; };
		3FC4F96E20CFBDB700BCE023 /* TabManger.h */ = {isa = PBXFileReference; lastKnownFileType = sourcecode.c.h; path = TabManger.h; sourceTree = "<group>"; };
		3FC4F96F20CFBDB700BCE023 /* TabManger.m */ = {isa = PBXFileReference; lastKnownFileType = sourcecode.c.objc; path = TabManger.m; sourceTree = "<group>"; };
		3FC4F97220CFC88300BCE023 /* ManegerViewDataSource.h */ = {isa = PBXFileReference; lastKnownFileType = sourcecode.c.h; path = ManegerViewDataSource.h; sourceTree = "<group>"; };
/* End PBXFileReference section */

/* Begin PBXFrameworksBuildPhase section */
		3FC4F94520CF764100BCE023 /* Frameworks */ = {
			isa = PBXFrameworksBuildPhase;
			buildActionMask = 2147483647;
			files = (
			);
			runOnlyForDeploymentPostprocessing = 0;
		};
/* End PBXFrameworksBuildPhase section */

/* Begin PBXGroup section */
		3FC4F93F20CF764100BCE023 = {
			isa = PBXGroup;
			children = (
				3FC4F94A20CF764100BCE023 /* NewsApp */,
				3FC4F94920CF764100BCE023 /* Products */,
			);
			sourceTree = "<group>";
		};
		3FC4F94920CF764100BCE023 /* Products */ = {
			isa = PBXGroup;
			children = (
				3FC4F94820CF764100BCE023 /* NewsApp.app */,
			);
			name = Products;
			sourceTree = "<group>";
		};
		3FC4F94A20CF764100BCE023 /* NewsApp */ = {
			isa = PBXGroup;
			children = (
				3FC4F94B20CF764100BCE023 /* AppDelegate.h */,
				3FC4F94C20CF764100BCE023 /* AppDelegate.m */,
				3FC4F94E20CF764100BCE023 /* ViewController.h */,
				3FC4F94F20CF764100BCE023 /* ViewController.m */,
				3FA8F75E20D0CCB600DA1472 /* NESViewController.h */,
				3FA8F75F20D0CCB600DA1472 /* NESViewController.m */,
				3FC4F96120CF770B00BCE023 /* TabScroll */,
				3FC4F95120CF764100BCE023 /* Main.storyboard */,
				3FC4F95420CF764400BCE023 /* Assets.xcassets */,
				3FC4F95620CF764400BCE023 /* LaunchScreen.storyboard */,
				3FC4F95920CF764400BCE023 /* Info.plist */,
				3FC4F95A20CF764400BCE023 /* main.m */,
				3F7036B920D2604900C2DA11 /* Appconfig.h */,
			);
			path = NewsApp;
			sourceTree = "<group>";
		};
		3FC4F96120CF770B00BCE023 /* TabScroll */ = {
			isa = PBXGroup;
			children = (
				3FC4F96220CF777C00BCE023 /* ManegerView.h */,
				3FC4F96320CF777C00BCE023 /* ManegerView.m */,
				3FC4F96E20CFBDB700BCE023 /* TabManger.h */,
				3FC4F96F20CFBDB700BCE023 /* TabManger.m */,
				3FC4F96820CFB39F00BCE023 /* TabView.h */,
				3FC4F96920CFB39F00BCE023 /* TabView.m */,
				3FC4F96B20CFB80C00BCE023 /* TabScrollView.h */,
				3FC4F96C20CFB80C00BCE023 /* TabScrollView.m */,
				3FC4F96520CF7CB800BCE023 /* ManagerConfig.h */,
				3FC4F96620CF7CB800BCE023 /* ManagerConfig.m */,
				3FC4F97220CFC88300BCE023 /* ManegerViewDataSource.h */,
				3F7036B320D2051000C2DA11 /* UIViewController+ScrollerView.h */,
				3F7036B420D2051000C2DA11 /* UIViewController+ScrollerView.m */,
				3F7036B620D2072200C2DA11 /* UIScrollView+ScollerBlock.h */,
				3F7036B720D2072200C2DA11 /* UIScrollView+ScollerBlock.m */,
			);
			path = TabScroll;
			sourceTree = "<group>";
		};
/* End PBXGroup section */

/* Begin PBXNativeTarget section */
		3FC4F94720CF764100BCE023 /* NewsApp */ = {
			isa = PBXNativeTarget;
			buildConfigurationList = 3FC4F95E20CF764400BCE023 /* Build configuration list for PBXNativeTarget "NewsApp" */;
			buildPhases = (
				3FC4F94420CF764100BCE023 /* Sources */,
				3FC4F94520CF764100BCE023 /* Frameworks */,
				3FC4F94620CF764100BCE023 /* Resources */,
			);
			buildRules = (
			);
			dependencies = (
			);
			name = NewsApp;
			productName = NewsApp;
			productReference = 3FC4F94820CF764100BCE023 /* NewsApp.app */;
			productType = "com.apple.product-type.application";
		};
/* End PBXNativeTarget section */

/* Begin PBXProject section */
		3FC4F94020CF764100BCE023 /* Project object */ = {
			isa = PBXProject;
			attributes = {
				LastUpgradeCheck = 0930;
				ORGANIZATIONNAME = "陈玉乐";
				TargetAttributes = {
					3FC4F94720CF764100BCE023 = {
						CreatedOnToolsVersion = 9.3;
					};
				};
			};
			buildConfigurationList = 3FC4F94320CF764100BCE023 /* Build configuration list for PBXProject "NewsApp" */;
			compatibilityVersion = "Xcode 9.3";
			developmentRegion = en;
			hasScannedForEncodings = 0;
			knownRegions = (
				en,
				Base,
			);
			mainGroup = 3FC4F93F20CF764100BCE023;
			productRefGroup = 3FC4F94920CF764100BCE023 /* Products */;
			projectDirPath = "";
			projectRoot = "";
			targets = (
				3FC4F94720CF764100BCE023 /* NewsApp */,
			);
		};
/* End PBXProject section */

/* Begin PBXResourcesBuildPhase section */
		3FC4F94620CF764100BCE023 /* Resources */ = {
			isa = PBXResourcesBuildPhase;
			buildActionMask = 2147483647;
			files = (
				3FC4F95820CF764400BCE023 /* LaunchScreen.storyboard in Resources */,
				3FC4F95520CF764400BCE023 /* Assets.xcassets in Resources */,
				3FC4F95320CF764100BCE023 /* Main.storyboard in Resources */,
			);
			runOnlyForDeploymentPostprocessing = 0;
		};
/* End PBXResourcesBuildPhase section */

/* Begin PBXSourcesBuildPhase section */
		3FC4F94420CF764100BCE023 /* Sources */ = {
			isa = PBXSourcesBuildPhase;
			buildActionMask = 2147483647;
			files = (
				3FC4F96A20CFB39F00BCE023 /* TabView.m in Sources */,
				3FA8F76020D0CCB600DA1472 /* NESViewController.m in Sources */,
				3FC4F95020CF764100BCE023 /* ViewController.m in Sources */,
				3FC4F95B20CF764400BCE023 /* main.m in Sources */,
				3F7036B820D2072200C2DA11 /* UIScrollView+ScollerBlock.m in Sources */,
				3FC4F96720CF7CB800BCE023 /* ManagerConfig.m in Sources */,
				3FC4F96420CF777C00BCE023 /* ManegerView.m in Sources */,
				3FC4F96D20CFB80C00BCE023 /* TabScrollView.m in Sources */,
				3FC4F94D20CF764100BCE023 /* AppDelegate.m in Sources */,
				3FC4F97020CFBDB700BCE023 /* TabManger.m in Sources */,
				3F7036B520D2051000C2DA11 /* UIViewController+ScrollerView.m in Sources */,
			);
			runOnlyForDeploymentPostprocessing = 0;
		};
/* End PBXSourcesBuildPhase section */

/* Begin PBXVariantGroup section */
		3FC4F95120CF764100BCE023 /* Main.storyboard */ = {
			isa = PBXVariantGroup;
			children = (
				3FC4F95220CF764100BCE023 /* Base */,
			);
			name = Main.storyboard;
			sourceTree = "<group>";
		};
		3FC4F95620CF764400BCE023 /* LaunchScreen.storyboard */ = {
			isa = PBXVariantGroup;
			children = (
				3FC4F95720CF764400BCE023 /* Base */,
			);
			name = LaunchScreen.storyboard;
			sourceTree = "<group>";
		};
/* End PBXVariantGroup section */

/* Begin XCBuildConfiguration section */
		3FC4F95C20CF764400BCE023 /* Debug */ = {
			isa = XCBuildConfiguration;
			buildSettings = {
				ALWAYS_SEARCH_USER_PATHS = NO;
				CLANG_ANALYZER_NONNULL = YES;
				CLANG_ANALYZER_NUMBER_OBJECT_CONVERSION = YES_AGGRESSIVE;
				CLANG_CXX_LANGUAGE_STANDARD = "gnu++14";
				CLANG_CXX_LIBRARY = "libc++";
				CLANG_ENABLE_MODULES = YES;
				CLANG_ENABLE_OBJC_ARC = YES;
				CLANG_ENABLE_OBJC_WEAK = YES;
				CLANG_WARN_BLOCK_CAPTURE_AUTORELEASING = YES;
				CLANG_WARN_BOOL_CONVERSION = YES;
				CLANG_WARN_COMMA = YES;
				CLANG_WARN_CONSTANT_CONVERSION = YES;
				CLANG_WARN_DEPRECATED_OBJC_IMPLEMENTATIONS = YES;
				CLANG_WARN_DIRECT_OBJC_ISA_USAGE = YES_ERROR;
				CLANG_WARN_DOCUMENTATION_COMMENTS = YES;
				CLANG_WARN_EMPTY_BODY = YES;
				CLANG_WARN_ENUM_CONVERSION = YES;
				CLANG_WARN_INFINITE_RECURSION = YES;
				CLANG_WARN_INT_CONVERSION = YES;
				CLANG_WARN_NON_LITERAL_NULL_CONVERSION = YES;
				CLANG_WARN_OBJC_IMPLICIT_RETAIN_SELF = YES;
				CLANG_WARN_OBJC_LITERAL_CONVERSION = YES;
				CLANG_WARN_OBJC_ROOT_CLASS = YES_ERROR;
				CLANG_WARN_RANGE_LOOP_ANALYSIS = YES;
				CLANG_WARN_STRICT_PROTOTYPES = YES;
				CLANG_WARN_SUSPICIOUS_MOVE = YES;
				CLANG_WARN_UNGUARDED_AVAILABILITY = YES_AGGRESSIVE;
				CLANG_WARN_UNREACHABLE_CODE = YES;
				CLANG_WARN__DUPLICATE_METHOD_MATCH = YES;
				CODE_SIGN_IDENTITY = "iPhone Developer";
				COPY_PHASE_STRIP = NO;
				DEBUG_INFORMATION_FORMAT = dwarf;
				ENABLE_STRICT_OBJC_MSGSEND = YES;
				ENABLE_TESTABILITY = YES;
				GCC_C_LANGUAGE_STANDARD = gnu11;
				GCC_DYNAMIC_NO_PIC = NO;
				GCC_NO_COMMON_BLOCKS = YES;
				GCC_OPTIMIZATION_LEVEL = 0;
				GCC_PREPROCESSOR_DEFINITIONS = (
					"DEBUG=1",
					"$(inherited)",
				);
				GCC_WARN_64_TO_32_BIT_CONVERSION = YES;
				GCC_WARN_ABOUT_RETURN_TYPE = YES_ERROR;
				GCC_WARN_UNDECLARED_SELECTOR = YES;
				GCC_WARN_UNINITIALIZED_AUTOS = YES_AGGRESSIVE;
				GCC_WARN_UNUSED_FUNCTION = YES;
				GCC_WARN_UNUSED_VARIABLE = YES;
				IPHONEOS_DEPLOYMENT_TARGET = 11.3;
				MTL_ENABLE_DEBUG_INFO = YES;
				ONLY_ACTIVE_ARCH = YES;
				SDKROOT = iphoneos;
			};
			name = Debug;
		};
		3FC4F95D20CF764400BCE023 /* Release */ = {
			isa = XCBuildConfiguration;
			buildSettings = {
				ALWAYS_SEARCH_USER_PATHS = NO;
				CLANG_ANALYZER_NONNULL = YES;
				CLANG_ANALYZER_NUMBER_OBJECT_CONVERSION = YES_AGGRESSIVE;
				CLANG_CXX_LANGUAGE_STANDARD = "gnu++14";
				CLANG_CXX_LIBRARY = "libc++";
				CLANG_ENABLE_MODULES = YES;
				CLANG_ENABLE_OBJC_ARC = YES;
				CLANG_ENABLE_OBJC_WEAK = YES;
				CLANG_WARN_BLOCK_CAPTURE_AUTORELEASING = YES;
				CLANG_WARN_BOOL_CONVERSION = YES;
				CLANG_WARN_COMMA = YES;
				CLANG_WARN_CONSTANT_CONVERSION = YES;
				CLANG_WARN_DEPRECATED_OBJC_IMPLEMENTATIONS = YES;
				CLANG_WARN_DIRECT_OBJC_ISA_USAGE = YES_ERROR;
				CLANG_WARN_DOCUMENTATION_COMMENTS = YES;
				CLANG_WARN_EMPTY_BODY = YES;
				CLANG_WARN_ENUM_CONVERSION = YES;
				CLANG_WARN_INFINITE_RECURSION = YES;
				CLANG_WARN_INT_CONVERSION = YES;
				CLANG_WARN_NON_LITERAL_NULL_CONVERSION = YES;
				CLANG_WARN_OBJC_IMPLICIT_RETAIN_SELF = YES;
				CLANG_WARN_OBJC_LITERAL_CONVERSION = YES;
				CLANG_WARN_OBJC_ROOT_CLASS = YES_ERROR;
				CLANG_WARN_RANGE_LOOP_ANALYSIS = YES;
				CLANG_WARN_STRICT_PROTOTYPES = YES;
				CLANG_WARN_SUSPICIOUS_MOVE = YES;
				CLANG_WARN_UNGUARDED_AVAILABILITY = YES_AGGRESSIVE;
				CLANG_WARN_UNREACHABLE_CODE = YES;
				CLANG_WARN__DUPLICATE_METHOD_MATCH = YES;
				CODE_SIGN_IDENTITY = "iPhone Developer";
				COPY_PHASE_STRIP = NO;
				DEBUG_INFORMATION_FORMAT = "dwarf-with-dsym";
				ENABLE_NS_ASSERTIONS = NO;
				ENABLE_STRICT_OBJC_MSGSEND = YES;
				GCC_C_LANGUAGE_STANDARD = gnu11;
				GCC_NO_COMMON_BLOCKS = YES;
				GCC_WARN_64_TO_32_BIT_CONVERSION = YES;
				GCC_WARN_ABOUT_RETURN_TYPE = YES_ERROR;
				GCC_WARN_UNDECLARED_SELECTOR = YES;
				GCC_WARN_UNINITIALIZED_AUTOS = YES_AGGRESSIVE;
				GCC_WARN_UNUSED_FUNCTION = YES;
				GCC_WARN_UNUSED_VARIABLE = YES;
				IPHONEOS_DEPLOYMENT_TARGET = 11.3;
				MTL_ENABLE_DEBUG_INFO = NO;
				SDKROOT = iphoneos;
				VALIDATE_PRODUCT = YES;
			};
			name = Release;
		};
		3FC4F95F20CF764400BCE023 /* Debug */ = {
			isa = XCBuildConfiguration;
			buildSettings = {
				ASSETCATALOG_COMPILER_APPICON_NAME = AppIcon;
				CODE_SIGN_STYLE = Automatic;
				DEVELOPMENT_TEAM = NADGHTB4RE;
				GCC_PREFIX_HEADER = $SRCROOT/NewsApp/Appconfig.h;
				INFOPLIST_FILE = NewsApp/Info.plist;
				LD_RUNPATH_SEARCH_PATHS = (
					"$(inherited)",
					"@executable_path/Frameworks",
				);
				PRODUCT_BUNDLE_IDENTIFIER = com.xuanit.NewsApp;
				PRODUCT_NAME = "$(TARGET_NAME)";
				TARGETED_DEVICE_FAMILY = "1,2";
			};
			name = Debug;
		};
		3FC4F96020CF764400BCE023 /* Release */ = {
			isa = XCBuildConfiguration;
			buildSettings = {
				ASSETCATALOG_COMPILER_APPICON_NAME = AppIcon;
				CODE_SIGN_STYLE = Automatic;
				DEVELOPMENT_TEAM = NADGHTB4RE;
				GCC_PREFIX_HEADER = $SRCROOT/NewsApp/Appconfig.h;
				INFOPLIST_FILE = NewsApp/Info.plist;
				LD_RUNPATH_SEARCH_PATHS = (
					"$(inherited)",
					"@executable_path/Frameworks",
				);
				PRODUCT_BUNDLE_IDENTIFIER = com.xuanit.NewsApp;
				PRODUCT_NAME = "$(TARGET_NAME)";
				TARGETED_DEVICE_FAMILY = "1,2";
			};
			name = Release;
		};
/* End XCBuildConfiguration section */

/* Begin XCConfigurationList section */
		3FC4F94320CF764100BCE023 /* Build configuration list for PBXProject "NewsApp" */ = {
			isa = XCConfigurationList;
			buildConfigurations = (
				3FC4F95C20CF764400BCE023 /* Debug */,
				3FC4F95D20CF764400BCE023 /* Release */,
			);
			defaultConfigurationIsVisible = 0;
			defaultConfigurationName = Release;
		};
		3FC4F95E20CF764400BCE023 /* Build configuration list for PBXNativeTarget "NewsApp" */ = {
			isa = XCConfigurationList;
			buildConfigurations = (
				3FC4F95F20CF764400BCE023 /* Debug */,
				3FC4F96020CF764400BCE023 /* Release */,
			);
			defaultConfigurationIsVisible = 0;
			defaultConfigurationName = Release;
		};
/* End XCConfigurationList section */
	};
	rootObject = 3FC4F94020CF764100BCE023 /* Project object */;
}
